{
  "name": "www",
  "version": "1.0.0",
  "lockfileVersion": 2,
  "requires": true,
  "packages": {
    "": {
      "name": "www",
      "version": "1.0.0",
      "hasInstallScript": true,
      "license": "ISC",
      "dependencies": {
        "@fontsource/roboto": "^4.0.0",
        "bootstrap": "^4.5.3"
      },
      "devDependencies": {}
    },
    "node_modules/@fontsource/roboto": {
      "version": "4.5.1",
      "resolved": "https://registry.npmjs.org/@fontsource/roboto/-/roboto-4.5.1.tgz",
      "integrity": "sha512-3mhfL+eNPG/woMNqwD/OHaW5qMpeGEBsDwzmhFmjB1yUV+M+M9P0NhP/AyHvnGz3DrqkvZ7CPzNMa+UkVLeELg=="
    },
    "node_modules/bootstrap": {
      "version": "4.5.3",
      "resolved": "https://registry.npmjs.org/bootstrap/-/bootstrap-4.5.3.tgz",
      "integrity": "sha512-o9ppKQioXGqhw8Z7mah6KdTYpNQY//tipnkxppWhPbiSWdD+1raYsnhwEZjkTHYbGee4cVQ0Rx65EhOY/HNLcQ=="
    }
  },
  "dependencies": {
    "@fontsource/roboto": {
      "version": "4.5.1",
      "resolved": "https://registry.npmjs.org/@fontsource/roboto/-/roboto-4.5.1.tgz",
      "integrity": "sha512-3mhfL+eNPG/woMNqwD/OHaW5qMpeGEBsDwzmhFmjB1yUV+M+M9P0NhP/AyHvnGz3DrqkvZ7CPzNMa+UkVLeELg=="
    },
    "bootstrap": {
      "version": "4.5.3",
      "resolved": "https://registry.npmjs.org/bootstrap/-/bootstrap-4.5.3.tgz",
      "integrity": "sha512-o9ppKQioXGqhw8Z7mah6KdTYpNQY//tipnkxppWhPbiSWdD+1raYsnhwEZjkTHYbGee4cVQ0Rx65EhOY/HNLcQ=="
    }
  }
}
